
Microsoft Visual Studio Solution File, Format Version 12.00
# Visual Studio Version 16
VisualStudioVersion = 16.0.34601.136
MinimumVisualStudioVersion = 10.0.40219.1
Project("{FAE04EC0-301F-11D3-BF4B-00C04F79EFBC}") = "desktopPet1_Front", "desktopPet1_Front\desktopPet1_Front.csproj", "{DDBBFEB8-E53D-45F8-8CE6-68A54153A921}"
EndProject
Global
	GlobalSection(SolutionConfigurationPlatforms) = preSolution
		Debug|Any CPU = Debug|Any CPU
		Release|Any CPU = Release|Any CPU
	EndGlobalSection
	GlobalSection(ProjectConfigurationPlatforms) = postSolution
		{DDBBFEB8-E53D-45F8-8CE6-68A54153A921}.Debug|Any CPU.ActiveCfg = Debug|Any CPU
		{DDBBFEB8-E53D-45F8-8CE6-68A54153A921}.Debug|Any CPU.Build.0 = Debug|Any CPU
		{DDBBFEB8-E53D-45F8-8CE6-68A54153A921}.Release|Any CPU.ActiveCfg = Release|Any CPU
		{DDBBFEB8-E53D-45F8-8CE6-68A54153A921}.Release|Any CPU.Build.0 = Release|Any CPU
	EndGlobalSection
	GlobalSection(SolutionProperties) = preSolution
		HideSolutionNode = FALSE
	EndGlobalSection
	GlobalSection(ExtensibilityGlobals) = postSolution
		SolutionGuid = {7954AB7B-EA28-4B62-8173-DF5C14F2A82F}
	EndGlobalSection
EndGlobal
