
Microsoft Visual Studio Solution File, Format Version 12.00
# Visual Studio Version 16
VisualStudioVersion = 16.0.34601.136
MinimumVisualStudioVersion = 10.0.40219.1
Project("{FAE04EC0-301F-11D3-BF4B-00C04F79EFBC}") = "ldnn_expansion", "ldnn_expansion\ldnn_expansion.csproj", "{83C295B4-696C-40B1-B81D-E6FFC8EAA421}"
EndProject
Global
	GlobalSection(SolutionConfigurationPlatforms) = preSolution
		Debug|Any CPU = Debug|Any CPU
		Release|Any CPU = Release|Any CPU
	EndGlobalSection
	GlobalSection(ProjectConfigurationPlatforms) = postSolution
		{83C295B4-696C-40B1-B81D-E6FFC8EAA421}.Debug|Any CPU.ActiveCfg = Debug|Any CPU
		{83C295B4-696C-40B1-B81D-E6FFC8EAA421}.Debug|Any CPU.Build.0 = Debug|Any CPU
		{83C295B4-696C-40B1-B81D-E6FFC8EAA421}.Release|Any CPU.ActiveCfg = Release|Any CPU
		{83C295B4-696C-40B1-B81D-E6FFC8EAA421}.Release|Any CPU.Build.0 = Release|Any CPU
	EndGlobalSection
	GlobalSection(SolutionProperties) = preSolution
		HideSolutionNode = FALSE
	EndGlobalSection
	GlobalSection(ExtensibilityGlobals) = postSolution
		SolutionGuid = {502981A3-8358-49FD-AB97-404E50C514F8}
	EndGlobalSection
EndGlobal
